dependencies:
- name: common
  repository: https://charts.bitnami.com/bitnami
  version: 2.31.4
- name: app-template
  repository: https://bjw-s-labs.github.io/helm-charts
  version: 4.4.0
digest: sha256:53dbcaefad052ed9efeec1fc357762952ba24ba114fb578ceef730194c934bee
generated: "2025-10-16T18:21:40.919804651+01:00"
