dependencies:
- name: common
  repository: https://charts.bitnami.com/bitnami
  version: 2.36.0
- name: network-policy-lib
  repository: file://../lib/network-policy
  version: 0.1.0
digest: sha256:81e34acea44398af305e1f576b8f616d171e2c2af9fd01713c8b38febec7e00a
generated: "2026-04-16T18:54:18.001858369+01:00"
