dependencies:
- name: common
  repository: https://charts.bitnami.com/bitnami
  version: 2.38.0
- name: network-policy-lib
  repository: file://../lib/network-policy
  version: 0.1.0
digest: sha256:df883fee6c146c64a452d930340621a078a3ec20eddd52e9a188a3354ccd0b6e
generated: "2026-04-16T18:54:58.071410744+01:00"
