dependencies:
- name: litellm-helm
  repository: oci://ghcr.io/berriai
  version: 0.1.790
- name: common
  repository: oci://registry-1.docker.io/bitnamicharts
  version: 2.31.4
digest: sha256:366f8ab759de40f38ddde9bc8d1503f74d9e495f738bc77db9d10c68caee3b69
generated: "2025-10-09T20:03:25.532521445+01:00"
