dependencies:
- name: app-template
  repository: https://bjw-s-labs.github.io/helm-charts
  version: 4.6.2
- name: common
  repository: https://charts.bitnami.com/bitnami
  version: 2.38.0
- name: network-policy-lib
  repository: file://../lib/network-policy
  version: 0.1.0
digest: sha256:f6acd591da9aa5d0381f81bcb4a0f5a1587bc59520f08f1afbb9dd30aa487fc2
generated: "2026-04-17T08:56:20.831633856+01:00"
