dependencies:
- name: app-template
  repository: https://bjw-s-labs.github.io/helm-charts
  version: 4.6.2
- name: common
  repository: file://../common
  version: 2.31.4
digest: sha256:429778c86407882c1cf0e77e52e025a10f27c2c10f0be4d850a05caf38f74e06
generated: "2026-04-17T17:01:07.410813827+01:00"
