dependencies:
- name: app-template
  repository: https://bjw-s-labs.github.io/helm-charts
  version: 4.6.2
- name: common
  repository: https://charts.bitnami.com/bitnami
  version: 2.36.0
digest: sha256:10db7bad34b6cf9f5de41ce79c70926875971ffcaaad20a48d8626a3d31282bd
generated: "2026-03-14T11:17:28.398838+01:00"
