dependencies:
- name: app-template
  repository: https://bjw-s-labs.github.io/helm-charts
  version: 4.6.2
- name: common
  repository: file://../common
  version: 2.31.4
- name: mongodb
  repository: https://repo.helmforge.dev
  version: 1.7.6
digest: sha256:43003754c7c927e6eaa8e1233f1abbb7783d9a2daeacb55502bc28798224999e
generated: "2026-05-27T02:45:10.471941+02:00"
