dependencies:
- name: bjw-template
  repository: file://../bjw-template
  version: 4.6.2
- name: common
  repository: file://../common
  version: 2.31.5
- name: mongodb
  repository: https://repo.helmforge.dev
  version: 1.7.6
digest: sha256:f7f43cb45d227ecc8092dd1022761d3eb95bec4ccd2da6292fd7714287ff44d1
generated: "2026-09-02T21:36:28.972681+02:00"
