dependencies:
- name: bjw-template
  repository: file://../bjw-template
  version: 4.6.2
- name: common
  repository: file://../common
  version: 2.31.4
- name: mongodb
  repository: https://repo.helmforge.dev
  version: 1.7.6
digest: sha256:3d1a49ab4ebba45952089a59eb30805fd8b4485f002a8aa774d8b89e67e5379c
generated: "2026-05-31T12:27:09.993933+02:00"
