dependencies:
- name: lightbridge-authz
  repository: file://./charts/lightbridge-authz
  version: 0.1.0
- name: lightbridge-config
  repository: file://./charts/lightbridge-config
  version: 0.1.0
digest: sha256:ea9172365866e0b77cd2829475733b22babec47e800380a9d5d8f98d6f490207
generated: "2025-10-13T09:24:17.694824735+01:00"
