dependencies:
- name: lightbridge-authz
  repository: https://adorsys-gis.github.io/ai-helm/
  version: 0.1.0
- name: lightbridge-config
  repository: https://adorsys-gis.github.io/ai-helm/
  version: 0.1.0
digest: sha256:e7a0d392c30fb5a260e17ef1a7b725c3f86fd1f46e8bdaa175885850a5ef382c
generated: "2025-10-16T20:44:40.658544213+01:00"
