dependencies:
- name: lightbridge-authz
  repository: file://../lightbridge-authz
  version: 0.1.0
- name: lightbridge-config
  repository: file://../lightbridge-config
  version: 0.1.0
digest: sha256:2041eb01f89a038e1361af0020ad7ae2763857723da2da8be9a71b8aa59faece
generated: "2025-10-15T09:23:54.566513877+01:00"
