dependencies:
- name: llm-d-router-standalone
  repository: oci://ghcr.io/llm-d/charts
  version: v0.9.0
- name: bjw-template
  repository: file://../bjw-template
  version: 4.6.2
- name: common
  repository: file://../common
  version: 2.31.4
digest: sha256:d9564a7df575b6566feba8338411e9058c39e831538fc717b610a413f63bb1d8
generated: "2026-07-14T13:07:03.650132968+01:00"
