dependencies:
- name: llm-d-router-standalone
  repository: oci://ghcr.io/llm-d/charts
  version: v0.9.0
- name: bjw-template
  repository: file://../bjw-template
  version: 4.6.2
- name: common
  repository: file://../common
  version: 2.31.5
digest: sha256:731b6a15f8cd408f39a45d334b1654e6df8b768d1e3cd662dbc92c3847347030
generated: "2026-09-02T21:40:44.57506+02:00"
