dependencies:
- name: app-template
  repository: https://bjw-s-labs.github.io/helm-charts
  version: 4.6.2
- name: common
  repository: file://../common
  version: 2.31.4
digest: sha256:09f312e6c4b498ac2604ed1d44e0defcc4ffd305008c514031f225ca51709788
generated: "2026-04-28T17:06:26.274681528+01:00"
