dependencies:
- name: meilisearch
  repository: https://meilisearch.github.io/meilisearch-kubernetes
  version: 0.25.1
- name: common
  repository: file://../common
  version: 2.31.4
digest: sha256:18ab6d78d77c57926344a77c0ff3ab4ca0ffa5220894cc5f30dde456b0c28546
generated: "2026-05-27T02:45:23.971681+02:00"
