dependencies:
- name: meilisearch
  repository: https://meilisearch.github.io/meilisearch-kubernetes
  version: 0.25.1
- name: common
  repository: file://../common
  version: 2.31.5
digest: sha256:d78d05d8f3e9f8089a48341c999a2e095c0948d63eaed0391f640a0b5d595f12
generated: "2026-09-02T21:40:23.864512+02:00"
