dependencies:
- name: app-template
  repository: https://bjw-s-labs.github.io/helm-charts
  version: 4.6.2
- name: common
  repository: file://../common
  version: 2.31.4
- name: mongodb
  repository: https://repo.helmforge.dev
  version: 1.7.6
- name: meilisearch
  repository: https://meilisearch.github.io/meilisearch-kubernetes
  version: 0.25.1
digest: sha256:3779c7e89115a5e659a3dd1feee6c394774c5d5840e1fa758c92b6d063d18242
generated: "2026-04-17T16:58:31.94044842+01:00"
