dependencies:
- name: app-template
  repository: https://bjw-s-labs.github.io/helm-charts
  version: 4.6.2
- name: common
  repository: https://charts.bitnami.com/bitnami
  version: 2.36.0
- name: mongodb
  repository: https://repo.helmforge.dev
  version: 1.7.6
- name: meilisearch
  repository: https://meilisearch.github.io/meilisearch-kubernetes
  version: 0.25.1
digest: sha256:89b16f00b8c341b6860a75d4ee774322ded696d6f360897fb9c549c451b4bbe9
generated: "2026-04-15T17:50:02.481523+02:00"
