dependencies:
- name: app-template
  repository: https://bjw-s-labs.github.io/helm-charts
  version: 4.6.2
- name: common
  repository: https://charts.bitnami.com/bitnami
  version: 2.38.0
- name: mongodb
  repository: https://charts.bitnami.com/bitnami
  version: 18.6.27
- name: meilisearch
  repository: https://meilisearch.github.io/meilisearch-kubernetes
  version: 0.32.0
- name: network-policy-lib
  repository: file://../lib/network-policy
  version: 0.1.0
digest: sha256:cfe746ad8ed47c073bef9f63878cd8856b2a4689fc5706f0c9cfafb4bc622bb5
generated: "2026-04-16T18:52:54.826658616+01:00"
