dependencies:
- name: common
  repository: https://charts.bitnami.com/bitnami
  version: 2.38.0
- name: cert-manager
  repository: https://charts.jetstack.io
  version: v1.20.1
digest: sha256:e0cd8efb83aef33b661210ef2d2665a647943cb37e25280ba142c1c5cccf5012
generated: "2026-04-01T09:42:26.066733+02:00"
