dependencies:
- name: common
  repository: https://charts.bitnami.com/bitnami
  version: 2.36.0
- name: cert-manager
  repository: https://charts.jetstack.io
  version: v1.19.4
digest: sha256:299b297fa512d45ddbbc42548518d73a681ce4b4e3cd5f9c5578fea16ad93e73
generated: "2026-03-01T21:11:38.76629+01:00"
